// !$*UTF8*$!
{
	archiveVersion = 1;
	classes = {
	};
	objectVersion = 50;
	objects = {

/* Begin PBXBuildFile section */
		BD5BADDB26B1D48E00CE3A92 /* AppDelegate.swift in Sources */ = {isa = PBXBuildFile; fileRef = BD5BADDA26B1D48E00CE3A92 /* AppDelegate.swift */; };
		BD5BADDD26B1D48E00CE3A92 /* SceneDelegate.swift in Sources */ = {isa = PBXBuildFile; fileRef = BD5BADDC26B1D48E00CE3A92 /* SceneDelegate.swift */; };
		BD5BADDF26B1D48E00CE3A92 /* ViewController.swift in Sources */ = {isa = PBXBuildFile; fileRef = BD5BADDE26B1D48E00CE3A92 /* ViewController.swift */; };
		BD5BADE226B1D48E00CE3A92 /* Main.storyboard in Resources */ = {isa = PBXBuildFile; fileRef = BD5BADE026B1D48E00CE3A92 /* Main.storyboard */; };
		BD5BADE526B1D48E00CE3A92 /* MiniProject1.xcdatamodeld in Sources */ = {isa = PBXBuildFile; fileRef = BD5BADE326B1D48E00CE3A92 /* MiniProject1.xcdatamodeld */; };
		BD5BADE726B1D49000CE3A92 /* Assets.xcassets in Resources */ = {isa = PBXBuildFile; fileRef = BD5BADE626B1D49000CE3A92 /* Assets.xcassets */; };
		BD5BADEA26B1D49000CE3A92 /* LaunchScreen.storyboard in Resources */ = {isa = PBXBuildFile; fileRef = BD5BADE826B1D49000CE3A92 /* LaunchScreen.storyboard */; };
		BD5BADF526B1D49000CE3A92 /* MiniProject1Tests.swift in Sources */ = {isa = PBXBuildFile; fileRef = BD5BADF426B1D49000CE3A92 /* MiniProject1Tests.swift */; };
		BD5BAE0026B1D49000CE3A92 /* MiniProject1UITests.swift in Sources */ = {isa = PBXBuildFile; fileRef = BD5BADFF26B1D49000CE3A92 /* MiniProject1UITests.swift */; };
/* End PBXBuildFile section */

/* Begin PBXContainerItemProxy section */
		BD5BADF126B1D49000CE3A92 /* PBXContainerItemProxy */ = {
			isa = PBXContainerItemProxy;
			containerPortal = BD5BADCF26B1D48E00CE3A92 /* Project object */;
			proxyType = 1;
			remoteGlobalIDString = BD5BADD626B1D48E00CE3A92;
			remoteInfo = MiniProject1;
		};
		BD5BADFC26B1D49000CE3A92 /* PBXContainerItemProxy */ = {
			isa = PBXContainerItemProxy;
			containerPortal = BD5BADCF26B1D48E00CE3A92 /* Project object */;
			proxyType = 1;
			remoteGlobalIDString = BD5BADD626B1D48E00CE3A92;
			remoteInfo = MiniProject1;
		};
/* End PBXContainerItemProxy section */

/* Begin PBXFileReference section */
		BD5BADD726B1D48E00CE3A92 /* MiniProject1.app */ = {isa = PBXFileReference; explicitFileType = wrapper.application; includeInIndex = 0; path = MiniProject1.app; sourceTree = BUILT_PRODUCTS_DIR; };
		BD5BADDA26B1D48E00CE3A92 /* AppDelegate.swift */ = {isa = PBXFileReference; lastKnownFileType = sourcecode.swift; path = AppDelegate.swift; sourceTree = "<group>"; };
		BD5BADDC26B1D48E00CE3A92 /* SceneDelegate.swift */ = {isa = PBXFileReference; lastKnownFileType = sourcecode.swift; path = SceneDelegate.swift; sourceTree = "<group>"; };
		BD5BADDE26B1D48E00CE3A92 /* ViewController.swift */ = {isa = PBXFileReference; lastKnownFileType = sourcecode.swift; path = ViewController.swift; sourceTree = "<group>"; };
		BD5BADE126B1D48E00CE3A92 /* Base */ = {isa = PBXFileReference; lastKnownFileType = file.storyboard; name = Base; path = Base.lproj/Main.storyboard; sourceTree = "<group>"; };
		BD5BADE426B1D48E00CE3A92 /* MiniProject1.xcdatamodel */ = {isa = PBXFileReference; lastKnownFileType = wrapper.xcdatamodel; path = MiniProject1.xcdatamodel; sourceTree = "<group>"; };
		BD5BADE626B1D49000CE3A92 /* Assets.xcassets */ = {isa = PBXFileReference; lastKnownFileType = folder.assetcatalog; path = Assets.xcassets; sourceTree = "<group>"; };
		BD5BADE926B1D49000CE3A92 /* Base */ = {isa = PBXFileReference; lastKnownFileType = file.storyboard; name = Base; path = Base.lproj/LaunchScreen.storyboard; sourceTree = "<group>"; };
		BD5BADEB26B1D49000CE3A92 /* Info.plist */ = {isa = PBXFileReference; lastKnownFileType = text.plist.xml; path = Info.plist; sourceTree = "<group>"; };
		BD5BADF026B1D49000CE3A92 /* MiniProject1Tests.xctest */ = {isa = PBXFileReference; explicitFileType = wrapper.cfbundle; includeInIndex = 0; path = MiniProject1Tests.xctest; sourceTree = BUILT_PRODUCTS_DIR; };
		BD5BADF426B1D49000CE3A92 /* MiniProject1Tests.swift */ = {isa = PBXFileReference; lastKnownFileType = sourcecode.swift; path = MiniProject1Tests.swift; sourceTree = "<group>"; };
		BD5BADF626B1D49000CE3A92 /* Info.plist */ = {isa = PBXFileReference; lastKnownFileType = text.plist.xml; path = Info.plist; sourceTree = "<group>"; };
		BD5BADFB26B1D49000CE3A92 /* MiniProject1UITests.xctest */ = {isa = PBXFileReference; explicitFileType = wrapper.cfbundle; includeInIndex = 0; path = MiniProject1UITests.xctest; sourceTree = BUILT_PRODUCTS_DIR; };
		BD5BADFF26B1D49000CE3A92 /* MiniProject1UITests.swift */ = {isa = PBXFileReference; lastKnownFileType = sourcecode.swift; path = MiniProject1UITests.swift; sourceTree = "<group>"; };
		BD5BAE0126B1D49000CE3A92 /* Info.plist */ = {isa = PBXFileReference; lastKnownFileType = text.plist.xml; path = Info.plist; sourceTree = "<group>"; };
/* End PBXFileReference section */

/* Begin PBXFrameworksBuildPhase section */
		BD5BADD426B1D48E00CE3A92 /* Frameworks */ = {
			isa = PBXFrameworksBuildPhase;
			buildActionMask = 2147483647;
			files = (
			);
			runOnlyForDeploymentPostprocessing = 0;
		};
		BD5BADED26B1D49000CE3A92 /* Frameworks */ = {
			isa = PBXFrameworksBuildPhase;
			buildActionMask = 2147483647;
			files = (
			);
			runOnlyForDeploymentPostprocessing = 0;
		};
		BD5BADF826B1D49000CE3A92 /* Frameworks */ = {
			isa = PBXFrameworksBuildPhase;
			buildActionMask = 2147483647;
			files = (
			);
			runOnlyForDeploymentPostprocessing = 0;
		};
/* End PBXFrameworksBuildPhase section */

/* Begin PBXGroup section */
		BD5BADCE26B1D48E00CE3A92 = {
			isa = PBXGroup;
			children = (
				BD5BADD926B1D48E00CE3A92 /* MiniProject1 */,
				BD5BADF326B1D49000CE3A92 /* MiniProject1Tests */,
				BD5BADFE26B1D49000CE3A92 /* MiniProject1UITests */,
				BD5BADD826B1D48E00CE3A92 /* Products */,
			);
			sourceTree = "<group>";
		};
		BD5BADD826B1D48E00CE3A92 /* Products */ = {
			isa = PBXGroup;
			children = (
				BD5BADD726B1D48E00CE3A92 /* MiniProject1.app */,
				BD5BADF026B1D49000CE3A92 /* MiniProject1Tests.xctest */,
				BD5BADFB26B1D49000CE3A92 /* MiniProject1UITests.xctest */,
			);
			name = Products;
			sourceTree = "<group>";
		};
		BD5BADD926B1D48E00CE3A92 /* MiniProject1 */ = {
			isa = PBXGroup;
			children = (
				BD5BADDA26B1D48E00CE3A92 /* AppDelegate.swift */,
				BD5BADDC26B1D48E00CE3A92 /* SceneDelegate.swift */,
				BD5BADDE26B1D48E00CE3A92 /* ViewController.swift */,
				BD5BADE026B1D48E00CE3A92 /* Main.storyboard */,
				BD5BADE626B1D49000CE3A92 /* Assets.xcassets */,
				BD5BADE826B1D49000CE3A92 /* LaunchScreen.storyboard */,
				BD5BADEB26B1D49000CE3A92 /* Info.plist */,
				BD5BADE326B1D48E00CE3A92 /* MiniProject1.xcdatamodeld */,
			);
			path = MiniProject1;
			sourceTree = "<group>";
		};
		BD5BADF326B1D49000CE3A92 /* MiniProject1Tests */ = {
			isa = PBXGroup;
			children = (
				BD5BADF426B1D49000CE3A92 /* MiniProject1Tests.swift */,
				BD5BADF626B1D49000CE3A92 /* Info.plist */,
			);
			path = MiniProject1Tests;
			sourceTree = "<group>";
		};
		BD5BADFE26B1D49000CE3A92 /* MiniProject1UITests */ = {
			isa = PBXGroup;
			children = (
				BD5BADFF26B1D49000CE3A92 /* MiniProject1UITests.swift */,
				BD5BAE0126B1D49000CE3A92 /* Info.plist */,
			);
			path = MiniProject1UITests;
			sourceTree = "<group>";
		};
/* End PBXGroup section */

/* Begin PBXNativeTarget section */
		BD5BADD626B1D48E00CE3A92 /* MiniProject1 */ = {
			isa = PBXNativeTarget;
			buildConfigurationList = BD5BAE0426B1D49000CE3A92 /* Build configuration list for PBXNativeTarget "MiniProject1" */;
			buildPhases = (
				BD5BADD326B1D48E00CE3A92 /* Sources */,
				BD5BADD426B1D48E00CE3A92 /* Frameworks */,
				BD5BADD526B1D48E00CE3A92 /* Resources */,
			);
			buildRules = (
			);
			dependencies = (
			);
			name = MiniProject1;
			productName = MiniProject1;
			productReference = BD5BADD726B1D48E00CE3A92 /* MiniProject1.app */;
			productType = "com.apple.product-type.application";
		};
		BD5BADEF26B1D49000CE3A92 /* MiniProject1Tests */ = {
			isa = PBXNativeTarget;
			buildConfigurationList = BD5BAE0726B1D49000CE3A92 /* Build configuration list for PBXNativeTarget "MiniProject1Tests" */;
			buildPhases = (
				BD5BADEC26B1D49000CE3A92 /* Sources */,
				BD5BADED26B1D49000CE3A92 /* Frameworks */,
				BD5BADEE26B1D49000CE3A92 /* Resources */,
			);
			buildRules = (
			);
			dependencies = (
				BD5BADF226B1D49000CE3A92 /* PBXTargetDependency */,
			);
			name = MiniProject1Tests;
			productName = MiniProject1Tests;
			productReference = BD5BADF026B1D49000CE3A92 /* MiniProject1Tests.xctest */;
			productType = "com.apple.product-type.bundle.unit-test";
		};
		BD5BADFA26B1D49000CE3A92 /* MiniProject1UITests */ = {
			isa = PBXNativeTarget;
			buildConfigurationList = BD5BAE0A26B1D49000CE3A92 /* Build configuration list for PBXNativeTarget "MiniProject1UITests" */;
			buildPhases = (
				BD5BADF726B1D49000CE3A92 /* Sources */,
				BD5BADF826B1D49000CE3A92 /* Frameworks */,
				BD5BADF926B1D49000CE3A92 /* Resources */,
			);
			buildRules = (
			);
			dependencies = (
				BD5BADFD26B1D49000CE3A92 /* PBXTargetDependency */,
			);
			name = MiniProject1UITests;
			productName = MiniProject1UITests;
			productReference = BD5BADFB26B1D49000CE3A92 /* MiniProject1UITests.xctest */;
			productType = "com.apple.product-type.bundle.ui-testing";
		};
/* End PBXNativeTarget section */

/* Begin PBXProject section */
		BD5BADCF26B1D48E00CE3A92 /* Project object */ = {
			isa = PBXProject;
			attributes = {
				LastSwiftUpdateCheck = 1250;
				LastUpgradeCheck = 1250;
				TargetAttributes = {
					BD5BADD626B1D48E00CE3A92 = {
						CreatedOnToolsVersion = 12.5.1;
					};
					BD5BADEF26B1D49000CE3A92 = {
						CreatedOnToolsVersion = 12.5.1;
						TestTargetID = BD5BADD626B1D48E00CE3A92;
					};
					BD5BADFA26B1D49000CE3A92 = {
						CreatedOnToolsVersion = 12.5.1;
						TestTargetID = BD5BADD626B1D48E00CE3A92;
					};
				};
			};
			buildConfigurationList = BD5BADD226B1D48E00CE3A92 /* Build configuration list for PBXProject "MiniProject1" */;
			compatibilityVersion = "Xcode 9.3";
			developmentRegion = en;
			hasScannedForEncodings = 0;
			knownRegions = (
				en,
				Base,
			);
			mainGroup = BD5BADCE26B1D48E00CE3A92;
			productRefGroup = BD5BADD826B1D48E00CE3A92 /* Products */;
			projectDirPath = "";
			projectRoot = "";
			targets = (
				BD5BADD626B1D48E00CE3A92 /* MiniProject1 */,
				BD5BADEF26B1D49000CE3A92 /* MiniProject1Tests */,
				BD5BADFA26B1D49000CE3A92 /* MiniProject1UITests */,
			);
		};
/* End PBXProject section */

/* Begin PBXResourcesBuildPhase section */
		BD5BADD526B1D48E00CE3A92 /* Resources */ = {
			isa = PBXResourcesBuildPhase;
			buildActionMask = 2147483647;
			files = (
				BD5BADEA26B1D49000CE3A92 /* LaunchScreen.storyboard in Resources */,
				BD5BADE726B1D49000CE3A92 /* Assets.xcassets in Resources */,
				BD5BADE226B1D48E00CE3A92 /* Main.storyboard in Resources */,
			);
			runOnlyForDeploymentPostprocessing = 0;
		};
		BD5BADEE26B1D49000CE3A92 /* Resources */ = {
			isa = PBXResourcesBuildPhase;
			buildActionMask = 2147483647;
			files = (
			);
			runOnlyForDeploymentPostprocessing = 0;
		};
		BD5BADF926B1D49000CE3A92 /* Resources */ = {
			isa = PBXResourcesBuildPhase;
			buildActionMask = 2147483647;
			files = (
			);
			runOnlyForDeploymentPostprocessing = 0;
		};
/* End PBXResourcesBuildPhase section */

/* Begin PBXSourcesBuildPhase section */
		BD5BADD326B1D48E00CE3A92 /* Sources */ = {
			isa = PBXSourcesBuildPhase;
			buildActionMask = 2147483647;
			files = (
				BD5BADDF26B1D48E00CE3A92 /* ViewController.swift in Sources */,
				BD5BADDB26B1D48E00CE3A92 /* AppDelegate.swift in Sources */,
				BD5BADE526B1D48E00CE3A92 /* MiniProject1.xcdatamodeld in Sources */,
				BD5BADDD26B1D48E00CE3A92 /* SceneDelegate.swift in Sources */,
			);
			runOnlyForDeploymentPostprocessing = 0;
		};
		BD5BADEC26B1D49000CE3A92 /* Sources */ = {
			isa = PBXSourcesBuildPhase;
			buildActionMask = 2147483647;
			files = (
				BD5BADF526B1D49000CE3A92 /* MiniProject1Tests.swift in Sources */,
			);
			runOnlyForDeploymentPostprocessing = 0;
		};
		BD5BADF726B1D49000CE3A92 /* Sources */ = {
			isa = PBXSourcesBuildPhase;
			buildActionMask = 2147483647;
			files = (
				BD5BAE0026B1D49000CE3A92 /* MiniProject1UITests.swift in Sources */,
			);
			runOnlyForDeploymentPostprocessing = 0;
		};
/* End PBXSourcesBuildPhase section */

/* Begin PBXTargetDependency section */
		BD5BADF226B1D49000CE3A92 /* PBXTargetDependency */ = {
			isa = PBXTargetDependency;
			target = BD5BADD626B1D48E00CE3A92 /* MiniProject1 */;
			targetProxy = BD5BADF126B1D49000CE3A92 /* PBXContainerItemProxy */;
		};
		BD5BADFD26B1D49000CE3A92 /* PBXTargetDependency */ = {
			isa = PBXTargetDependency;
			target = BD5BADD626B1D48E00CE3A92 /* MiniProject1 */;
			targetProxy = BD5BADFC26B1D49000CE3A92 /* PBXContainerItemProxy */;
		};
/* End PBXTargetDependency section */

/* Begin PBXVariantGroup section */
		BD5BADE026B1D48E00CE3A92 /* Main.storyboard */ = {
			isa = PBXVariantGroup;
			children = (
				BD5BADE126B1D48E00CE3A92 /* Base */,
			);
			name = Main.storyboard;
			sourceTree = "<group>";
		};
		BD5BADE826B1D49000CE3A92 /* LaunchScreen.storyboard */ = {
			isa = PBXVariantGroup;
			children = (
				BD5BADE926B1D49000CE3A92 /* Base */,
			);
			name = LaunchScreen.storyboard;
			sourceTree = "<group>";
		};
/* End PBXVariantGroup section */

/* Begin XCBuildConfiguration section */
		BD5BAE0226B1D49000CE3A92 /* Debug */ = {
			isa = XCBuildConfiguration;
			buildSettings = {
				ALWAYS_SEARCH_USER_PATHS = NO;
				CLANG_ANALYZER_NONNULL = YES;
				CLANG_ANALYZER_NUMBER_OBJECT_CONVERSION = YES_AGGRESSIVE;
				CLANG_CXX_LANGUAGE_STANDARD = "gnu++14";
				CLANG_CXX_LIBRARY = "libc++";
				CLANG_ENABLE_MODULES = YES;
				CLANG_ENABLE_OBJC_ARC = YES;
				CLANG_ENABLE_OBJC_WEAK = YES;
				CLANG_WARN_BLOCK_CAPTURE_AUTORELEASING = YES;
				CLANG_WARN_BOOL_CONVERSION = YES;
				CLANG_WARN_COMMA = YES;
				CLANG_WARN_CONSTANT_CONVERSION = YES;
				CLANG_WARN_DEPRECATED_OBJC_IMPLEMENTATIONS = YES;
				CLANG_WARN_DIRECT_OBJC_ISA_USAGE = YES_ERROR;
				CLANG_WARN_DOCUMENTATION_COMMENTS = YES;
				CLANG_WARN_EMPTY_BODY = YES;
				CLANG_WARN_ENUM_CONVERSION = YES;
				CLANG_WARN_INFINITE_RECURSION = YES;
				CLANG_WARN_INT_CONVERSION = YES;
				CLANG_WARN_NON_LITERAL_NULL_CONVERSION = YES;
				CLANG_WARN_OBJC_IMPLICIT_RETAIN_SELF = YES;
				CLANG_WARN_OBJC_LITERAL_CONVERSION = YES;
				CLANG_WARN_OBJC_ROOT_CLASS = YES_ERROR;
				CLANG_WARN_QUOTED_INCLUDE_IN_FRAMEWORK_HEADER = YES;
				CLANG_WARN_RANGE_LOOP_ANALYSIS = YES;
				CLANG_WARN_STRICT_PROTOTYPES = YES;
				CLANG_WARN_SUSPICIOUS_MOVE = YES;
				CLANG_WARN_UNGUARDED_AVAILABILITY = YES_AGGRESSIVE;
				CLANG_WARN_UNREACHABLE_CODE = YES;
				CLANG_WARN__DUPLICATE_METHOD_MATCH = YES;
				COPY_PHASE_STRIP = NO;
				DEBUG_INFORMATION_FORMAT = dwarf;
				ENABLE_STRICT_OBJC_MSGSEND = YES;
				ENABLE_TESTABILITY = YES;
				GCC_C_LANGUAGE_STANDARD = gnu11;
				GCC_DYNAMIC_NO_PIC = NO;
				GCC_NO_COMMON_BLOCKS = YES;
				GCC_OPTIMIZATION_LEVEL = 0;
				GCC_PREPROCESSOR_DEFINITIONS = (
					"DEBUG=1",
					"$(inherited)",
				);
				GCC_WARN_64_TO_32_BIT_CONVERSION = YES;
				GCC_WARN_ABOUT_RETURN_TYPE = YES_ERROR;
				GCC_WARN_UNDECLARED_SELECTOR = YES;
				GCC_WARN_UNINITIALIZED_AUTOS = YES_AGGRESSIVE;
				GCC_WARN_UNUSED_FUNCTION = YES;
				GCC_WARN_UNUSED_VARIABLE = YES;
				IPHONEOS_DEPLOYMENT_TARGET = 14.5;
				MTL_ENABLE_DEBUG_INFO = INCLUDE_SOURCE;
				MTL_FAST_MATH = YES;
				ONLY_ACTIVE_ARCH = YES;
				SDKROOT = iphoneos;
				SWIFT_ACTIVE_COMPILATION_CONDITIONS = DEBUG;
				SWIFT_OPTIMIZATION_LEVEL = "-Onone";
			};
			name = Debug;
		};
		BD5BAE0326B1D49000CE3A92 /* Release */ = {
			isa = XCBuildConfiguration;
			buildSettings = {
				ALWAYS_SEARCH_USER_PATHS = NO;
				CLANG_ANALYZER_NONNULL = YES;
				CLANG_ANALYZER_NUMBER_OBJECT_CONVERSION = YES_AGGRESSIVE;
				CLANG_CXX_LANGUAGE_STANDARD = "gnu++14";
				CLANG_CXX_LIBRARY = "libc++";
				CLANG_ENABLE_MODULES = YES;
				CLANG_ENABLE_OBJC_ARC = YES;
				CLANG_ENABLE_OBJC_WEAK = YES;
				CLANG_WARN_BLOCK_CAPTURE_AUTORELEASING = YES;
				CLANG_WARN_BOOL_CONVERSION = YES;
				CLANG_WARN_COMMA = YES;
				CLANG_WARN_CONSTANT_CONVERSION = YES;
				CLANG_WARN_DEPRECATED_OBJC_IMPLEMENTATIONS = YES;
				CLANG_WARN_DIRECT_OBJC_ISA_USAGE = YES_ERROR;
				CLANG_WARN_DOCUMENTATION_COMMENTS = YES;
				CLANG_WARN_EMPTY_BODY = YES;
				CLANG_WARN_ENUM_CONVERSION = YES;
				CLANG_WARN_INFINITE_RECURSION = YES;
				CLANG_WARN_INT_CONVERSION = YES;
				CLANG_WARN_NON_LITERAL_NULL_CONVERSION = YES;
				CLANG_WARN_OBJC_IMPLICIT_RETAIN_SELF = YES;
				CLANG_WARN_OBJC_LITERAL_CONVERSION = YES;
				CLANG_WARN_OBJC_ROOT_CLASS = YES_ERROR;
				CLANG_WARN_QUOTED_INCLUDE_IN_FRAMEWORK_HEADER = YES;
				CLANG_WARN_RANGE_LOOP_ANALYSIS = YES;
				CLANG_WARN_STRICT_PROTOTYPES = YES;
				CLANG_WARN_SUSPICIOUS_MOVE = YES;
				CLANG_WARN_UNGUARDED_AVAILABILITY = YES_AGGRESSIVE;
				CLANG_WARN_UNREACHABLE_CODE = YES;
				CLANG_WARN__DUPLICATE_METHOD_MATCH = YES;
				COPY_PHASE_STRIP = NO;
				DEBUG_INFORMATION_FORMAT = "dwarf-with-dsym";
				ENABLE_NS_ASSERTIONS = NO;
				ENABLE_STRICT_OBJC_MSGSEND = YES;
				GCC_C_LANGUAGE_STANDARD = gnu11;
				GCC_NO_COMMON_BLOCKS = YES;
				GCC_WARN_64_TO_32_BIT_CONVERSION = YES;
				GCC_WARN_ABOUT_RETURN_TYPE = YES_ERROR;
				GCC_WARN_UNDECLARED_SELECTOR = YES;
				GCC_WARN_UNINITIALIZED_AUTOS = YES_AGGRESSIVE;
				GCC_WARN_UNUSED_FUNCTION = YES;
				GCC_WARN_UNUSED_VARIABLE = YES;
				IPHONEOS_DEPLOYMENT_TARGET = 14.5;
				MTL_ENABLE_DEBUG_INFO = NO;
				MTL_FAST_MATH = YES;
				SDKROOT = iphoneos;
				SWIFT_COMPILATION_MODE = wholemodule;
				SWIFT_OPTIMIZATION_LEVEL = "-O";
				VALIDATE_PRODUCT = YES;
			};
			name = Release;
		};
		BD5BAE0526B1D49000CE3A92 /* Debug */ = {
			isa = XCBuildConfiguration;
			buildSettings = {
				ASSETCATALOG_COMPILER_APPICON_NAME = AppIcon;
				ASSETCATALOG_COMPILER_GLOBAL_ACCENT_COLOR_NAME = AccentColor;
				CODE_SIGN_STYLE = Automatic;
				INFOPLIST_FILE = MiniProject1/Info.plist;
				LD_RUNPATH_SEARCH_PATHS = (
					"$(inherited)",
					"@executable_path/Frameworks",
				);
				PRODUCT_BUNDLE_IDENTIFIER = KWK.MiniProject1;
				PRODUCT_NAME = "$(TARGET_NAME)";
				SWIFT_VERSION = 5.0;
				TARGETED_DEVICE_FAMILY = "1,2";
			};
			name = Debug;
		};
		BD5BAE0626B1D49000CE3A92 /* Release */ = {
			isa = XCBuildConfiguration;
			buildSettings = {
				ASSETCATALOG_COMPILER_APPICON_NAME = AppIcon;
				ASSETCATALOG_COMPILER_GLOBAL_ACCENT_COLOR_NAME = AccentColor;
				CODE_SIGN_STYLE = Automatic;
				INFOPLIST_FILE = MiniProject1/Info.plist;
				LD_RUNPATH_SEARCH_PATHS = (
					"$(inherited)",
					"@executable_path/Frameworks",
				);
				PRODUCT_BUNDLE_IDENTIFIER = KWK.MiniProject1;
				PRODUCT_NAME = "$(TARGET_NAME)";
				SWIFT_VERSION = 5.0;
				TARGETED_DEVICE_FAMILY = "1,2";
			};
			name = Release;
		};
		BD5BAE0826B1D49000CE3A92 /* Debug */ = {
			isa = XCBuildConfiguration;
			buildSettings = {
				ALWAYS_EMBED_SWIFT_STANDARD_LIBRARIES = YES;
				BUNDLE_LOADER = "$(TEST_HOST)";
				CODE_SIGN_STYLE = Automatic;
				INFOPLIST_FILE = MiniProject1Tests/Info.plist;
				IPHONEOS_DEPLOYMENT_TARGET = 14.5;
				LD_RUNPATH_SEARCH_PATHS = (
					"$(inherited)",
					"@executable_path/Frameworks",
					"@loader_path/Frameworks",
				);
				PRODUCT_BUNDLE_IDENTIFIER = KWK.MiniProject1Tests;
				PRODUCT_NAME = "$(TARGET_NAME)";
				SWIFT_VERSION = 5.0;
				TARGETED_DEVICE_FAMILY = "1,2";
				TEST_HOST = "$(BUILT_PRODUCTS_DIR)/MiniProject1.app/MiniProject1";
			};
			name = Debug;
		};
		BD5BAE0926B1D49000CE3A92 /* Release */ = {
			isa = XCBuildConfiguration;
			buildSettings = {
				ALWAYS_EMBED_SWIFT_STANDARD_LIBRARIES = YES;
				BUNDLE_LOADER = "$(TEST_HOST)";
				CODE_SIGN_STYLE = Automatic;
				INFOPLIST_FILE = MiniProject1Tests/Info.plist;
				IPHONEOS_DEPLOYMENT_TARGET = 14.5;
				LD_RUNPATH_SEARCH_PATHS = (
					"$(inherited)",
					"@executable_path/Frameworks",
					"@loader_path/Frameworks",
				);
				PRODUCT_BUNDLE_IDENTIFIER = KWK.MiniProject1Tests;
				PRODUCT_NAME = "$(TARGET_NAME)";
				SWIFT_VERSION = 5.0;
				TARGETED_DEVICE_FAMILY = "1,2";
				TEST_HOST = "$(BUILT_PRODUCTS_DIR)/MiniProject1.app/MiniProject1";
			};
			name = Release;
		};
		BD5BAE0B26B1D49000CE3A92 /* Debug */ = {
			isa = XCBuildConfiguration;
			buildSettings = {
				ALWAYS_EMBED_SWIFT_STANDARD_LIBRARIES = YES;
				CODE_SIGN_STYLE = Automatic;
				INFOPLIST_FILE = MiniProject1UITests/Info.plist;
				LD_RUNPATH_SEARCH_PATHS = (
					"$(inherited)",
					"@executable_path/Frameworks",
					"@loader_path/Frameworks",
				);
				PRODUCT_BUNDLE_IDENTIFIER = KWK.MiniProject1UITests;
				PRODUCT_NAME = "$(TARGET_NAME)";
				SWIFT_VERSION = 5.0;
				TARGETED_DEVICE_FAMILY = "1,2";
				TEST_TARGET_NAME = MiniProject1;
			};
			name = Debug;
		};
		BD5BAE0C26B1D49000CE3A92 /* Release */ = {
			isa = XCBuildConfiguration;
			buildSettings = {
				ALWAYS_EMBED_SWIFT_STANDARD_LIBRARIES = YES;
				CODE_SIGN_STYLE = Automatic;
				INFOPLIST_FILE = MiniProject1UITests/Info.plist;
				LD_RUNPATH_SEARCH_PATHS = (
					"$(inherited)",
					"@executable_path/Frameworks",
					"@loader_path/Frameworks",
				);
				PRODUCT_BUNDLE_IDENTIFIER = KWK.MiniProject1UITests;
				PRODUCT_NAME = "$(TARGET_NAME)";
				SWIFT_VERSION = 5.0;
				TARGETED_DEVICE_FAMILY = "1,2";
				TEST_TARGET_NAME = MiniProject1;
			};
			name = Release;
		};
/* End XCBuildConfiguration section */

/* Begin XCConfigurationList section */
		BD5BADD226B1D48E00CE3A92 /* Build configuration list for PBXProject "MiniProject1" */ = {
			isa = XCConfigurationList;
			buildConfigurations = (
				BD5BAE0226B1D49000CE3A92 /* Debug */,
				BD5BAE0326B1D49000CE3A92 /* Release */,
			);
			defaultConfigurationIsVisible = 0;
			defaultConfigurationName = Release;
		};
		BD5BAE0426B1D49000CE3A92 /* Build configuration list for PBXNativeTarget "MiniProject1" */ = {
			isa = XCConfigurationList;
			buildConfigurations = (
				BD5BAE0526B1D49000CE3A92 /* Debug */,
				BD5BAE0626B1D49000CE3A92 /* Release */,
			);
			defaultConfigurationIsVisible = 0;
			defaultConfigurationName = Release;
		};
		BD5BAE0726B1D49000CE3A92 /* Build configuration list for PBXNativeTarget "MiniProject1Tests" */ = {
			isa = XCConfigurationList;
			buildConfigurations = (
				BD5BAE0826B1D49000CE3A92 /* Debug */,
				BD5BAE0926B1D49000CE3A92 /* Release */,
			);
			defaultConfigurationIsVisible = 0;
			defaultConfigurationName = Release;
		};
		BD5BAE0A26B1D49000CE3A92 /* Build configuration list for PBXNativeTarget "MiniProject1UITests" */ = {
			isa = XCConfigurationList;
			buildConfigurations = (
				BD5BAE0B26B1D49000CE3A92 /* Debug */,
				BD5BAE0C26B1D49000CE3A92 /* Release */,
			);
			defaultConfigurationIsVisible = 0;
			defaultConfigurationName = Release;
		};
/* End XCConfigurationList section */

/* Begin XCVersionGroup section */
		BD5BADE326B1D48E00CE3A92 /* MiniProject1.xcdatamodeld */ = {
			isa = XCVersionGroup;
			children = (
				BD5BADE426B1D48E00CE3A92 /* MiniProject1.xcdatamodel */,
			);
			currentVersion = BD5BADE426B1D48E00CE3A92 /* MiniProject1.xcdatamodel */;
			path = MiniProject1.xcdatamodeld;
			sourceTree = "<group>";
			versionGroupType = wrapper.xcdatamodel;
		};
/* End XCVersionGroup section */
	};
	rootObject = BD5BADCF26B1D48E00CE3A92 /* Project object */;
}
