// !$*UTF8*$!
{
	archiveVersion = 1;
	classes = {
	};
	objectVersion = 50;
	objects = {

/* Begin PBXBuildFile section */
		BD4272F126B83271009A513D /* AppDelegate.swift in Sources */ = {isa = PBXBuildFile; fileRef = BD4272F026B83271009A513D /* AppDelegate.swift */; };
		BD4272F326B83271009A513D /* SceneDelegate.swift in Sources */ = {isa = PBXBuildFile; fileRef = BD4272F226B83271009A513D /* SceneDelegate.swift */; };
		BD4272F826B83271009A513D /* Main.storyboard in Resources */ = {isa = PBXBuildFile; fileRef = BD4272F626B83271009A513D /* Main.storyboard */; };
		BD4272FB26B83271009A513D /* toDoList.xcdatamodeld in Sources */ = {isa = PBXBuildFile; fileRef = BD4272F926B83271009A513D /* toDoList.xcdatamodeld */; };
		BD4272FD26B83273009A513D /* Assets.xcassets in Resources */ = {isa = PBXBuildFile; fileRef = BD4272FC26B83273009A513D /* Assets.xcassets */; };
		BD42730026B83273009A513D /* LaunchScreen.storyboard in Resources */ = {isa = PBXBuildFile; fileRef = BD4272FE26B83273009A513D /* LaunchScreen.storyboard */; };
		BD42730B26B83273009A513D /* toDoListTests.swift in Sources */ = {isa = PBXBuildFile; fileRef = BD42730A26B83273009A513D /* toDoListTests.swift */; };
		BD42731626B83273009A513D /* toDoListUITests.swift in Sources */ = {isa = PBXBuildFile; fileRef = BD42731526B83273009A513D /* toDoListUITests.swift */; };
		BD42732426B837F8009A513D /* ToDoTableViewController.swift in Sources */ = {isa = PBXBuildFile; fileRef = BD42732326B837F8009A513D /* ToDoTableViewController.swift */; };
		BD42732626B83AA9009A513D /* ToDo.swift in Sources */ = {isa = PBXBuildFile; fileRef = BD42732526B83AA9009A513D /* ToDo.swift */; };
/* End PBXBuildFile section */

/* Begin PBXContainerItemProxy section */
		BD42730726B83273009A513D /* PBXContainerItemProxy */ = {
			isa = PBXContainerItemProxy;
			containerPortal = BD4272E526B83271009A513D /* Project object */;
			proxyType = 1;
			remoteGlobalIDString = BD4272EC26B83271009A513D;
			remoteInfo = toDoList;
		};
		BD42731226B83273009A513D /* PBXContainerItemProxy */ = {
			isa = PBXContainerItemProxy;
			containerPortal = BD4272E526B83271009A513D /* Project object */;
			proxyType = 1;
			remoteGlobalIDString = BD4272EC26B83271009A513D;
			remoteInfo = toDoList;
		};
/* End PBXContainerItemProxy section */

/* Begin PBXFileReference section */
		BD4272ED26B83271009A513D /* toDoList.app */ = {isa = PBXFileReference; explicitFileType = wrapper.application; includeInIndex = 0; path = toDoList.app; sourceTree = BUILT_PRODUCTS_DIR; };
		BD4272F026B83271009A513D /* AppDelegate.swift */ = {isa = PBXFileReference; lastKnownFileType = sourcecode.swift; path = AppDelegate.swift; sourceTree = "<group>"; };
		BD4272F226B83271009A513D /* SceneDelegate.swift */ = {isa = PBXFileReference; lastKnownFileType = sourcecode.swift; path = SceneDelegate.swift; sourceTree = "<group>"; };
		BD4272F726B83271009A513D /* Base */ = {isa = PBXFileReference; lastKnownFileType = file.storyboard; name = Base; path = Base.lproj/Main.storyboard; sourceTree = "<group>"; };
		BD4272FA26B83271009A513D /* toDoList.xcdatamodel */ = {isa = PBXFileReference; lastKnownFileType = wrapper.xcdatamodel; path = toDoList.xcdatamodel; sourceTree = "<group>"; };
		BD4272FC26B83273009A513D /* Assets.xcassets */ = {isa = PBXFileReference; lastKnownFileType = folder.assetcatalog; path = Assets.xcassets; sourceTree = "<group>"; };
		BD4272FF26B83273009A513D /* Base */ = {isa = PBXFileReference; lastKnownFileType = file.storyboard; name = Base; path = Base.lproj/LaunchScreen.storyboard; sourceTree = "<group>"; };
		BD42730126B83273009A513D /* Info.plist */ = {isa = PBXFileReference; lastKnownFileType = text.plist.xml; path = Info.plist; sourceTree = "<group>"; };
		BD42730626B83273009A513D /* toDoListTests.xctest */ = {isa = PBXFileReference; explicitFileType = wrapper.cfbundle; includeInIndex = 0; path = toDoListTests.xctest; sourceTree = BUILT_PRODUCTS_DIR; };
		BD42730A26B83273009A513D /* toDoListTests.swift */ = {isa = PBXFileReference; lastKnownFileType = sourcecode.swift; path = toDoListTests.swift; sourceTree = "<group>"; };
		BD42730C26B83273009A513D /* Info.plist */ = {isa = PBXFileReference; lastKnownFileType = text.plist.xml; path = Info.plist; sourceTree = "<group>"; };
		BD42731126B83273009A513D /* toDoListUITests.xctest */ = {isa = PBXFileReference; explicitFileType = wrapper.cfbundle; includeInIndex = 0; path = toDoListUITests.xctest; sourceTree = BUILT_PRODUCTS_DIR; };
		BD42731526B83273009A513D /* toDoListUITests.swift */ = {isa = PBXFileReference; lastKnownFileType = sourcecode.swift; path = toDoListUITests.swift; sourceTree = "<group>"; };
		BD42731726B83273009A513D /* Info.plist */ = {isa = PBXFileReference; lastKnownFileType = text.plist.xml; path = Info.plist; sourceTree = "<group>"; };
		BD42732326B837F8009A513D /* ToDoTableViewController.swift */ = {isa = PBXFileReference; lastKnownFileType = sourcecode.swift; path = ToDoTableViewController.swift; sourceTree = "<group>"; };
		BD42732526B83AA9009A513D /* ToDo.swift */ = {isa = PBXFileReference; lastKnownFileType = sourcecode.swift; path = ToDo.swift; sourceTree = "<group>"; };
/* End PBXFileReference section */

/* Begin PBXFrameworksBuildPhase section */
		BD4272EA26B83271009A513D /* Frameworks */ = {
			isa = PBXFrameworksBuildPhase;
			buildActionMask = 2147483647;
			files = (
			);
			runOnlyForDeploymentPostprocessing = 0;
		};
		BD42730326B83273009A513D /* Frameworks */ = {
			isa = PBXFrameworksBuildPhase;
			buildActionMask = 2147483647;
			files = (
			);
			runOnlyForDeploymentPostprocessing = 0;
		};
		BD42730E26B83273009A513D /* Frameworks */ = {
			isa = PBXFrameworksBuildPhase;
			buildActionMask = 2147483647;
			files = (
			);
			runOnlyForDeploymentPostprocessing = 0;
		};
/* End PBXFrameworksBuildPhase section */

/* Begin PBXGroup section */
		BD4272E426B83271009A513D = {
			isa = PBXGroup;
			children = (
				BD42732526B83AA9009A513D /* ToDo.swift */,
				BD42732326B837F8009A513D /* ToDoTableViewController.swift */,
				BD4272EF26B83271009A513D /* toDoList */,
				BD42730926B83273009A513D /* toDoListTests */,
				BD42731426B83273009A513D /* toDoListUITests */,
				BD4272EE26B83271009A513D /* Products */,
			);
			sourceTree = "<group>";
		};
		BD4272EE26B83271009A513D /* Products */ = {
			isa = PBXGroup;
			children = (
				BD4272ED26B83271009A513D /* toDoList.app */,
				BD42730626B83273009A513D /* toDoListTests.xctest */,
				BD42731126B83273009A513D /* toDoListUITests.xctest */,
			);
			name = Products;
			sourceTree = "<group>";
		};
		BD4272EF26B83271009A513D /* toDoList */ = {
			isa = PBXGroup;
			children = (
				BD4272F026B83271009A513D /* AppDelegate.swift */,
				BD4272F226B83271009A513D /* SceneDelegate.swift */,
				BD4272F626B83271009A513D /* Main.storyboard */,
				BD4272FC26B83273009A513D /* Assets.xcassets */,
				BD4272FE26B83273009A513D /* LaunchScreen.storyboard */,
				BD42730126B83273009A513D /* Info.plist */,
				BD4272F926B83271009A513D /* toDoList.xcdatamodeld */,
			);
			path = toDoList;
			sourceTree = "<group>";
		};
		BD42730926B83273009A513D /* toDoListTests */ = {
			isa = PBXGroup;
			children = (
				BD42730A26B83273009A513D /* toDoListTests.swift */,
				BD42730C26B83273009A513D /* Info.plist */,
			);
			path = toDoListTests;
			sourceTree = "<group>";
		};
		BD42731426B83273009A513D /* toDoListUITests */ = {
			isa = PBXGroup;
			children = (
				BD42731526B83273009A513D /* toDoListUITests.swift */,
				BD42731726B83273009A513D /* Info.plist */,
			);
			path = toDoListUITests;
			sourceTree = "<group>";
		};
/* End PBXGroup section */

/* Begin PBXNativeTarget section */
		BD4272EC26B83271009A513D /* toDoList */ = {
			isa = PBXNativeTarget;
			buildConfigurationList = BD42731A26B83273009A513D /* Build configuration list for PBXNativeTarget "toDoList" */;
			buildPhases = (
				BD4272E926B83271009A513D /* Sources */,
				BD4272EA26B83271009A513D /* Frameworks */,
				BD4272EB26B83271009A513D /* Resources */,
			);
			buildRules = (
			);
			dependencies = (
			);
			name = toDoList;
			productName = toDoList;
			productReference = BD4272ED26B83271009A513D /* toDoList.app */;
			productType = "com.apple.product-type.application";
		};
		BD42730526B83273009A513D /* toDoListTests */ = {
			isa = PBXNativeTarget;
			buildConfigurationList = BD42731D26B83273009A513D /* Build configuration list for PBXNativeTarget "toDoListTests" */;
			buildPhases = (
				BD42730226B83273009A513D /* Sources */,
				BD42730326B83273009A513D /* Frameworks */,
				BD42730426B83273009A513D /* Resources */,
			);
			buildRules = (
			);
			dependencies = (
				BD42730826B83273009A513D /* PBXTargetDependency */,
			);
			name = toDoListTests;
			productName = toDoListTests;
			productReference = BD42730626B83273009A513D /* toDoListTests.xctest */;
			productType = "com.apple.product-type.bundle.unit-test";
		};
		BD42731026B83273009A513D /* toDoListUITests */ = {
			isa = PBXNativeTarget;
			buildConfigurationList = BD42732026B83273009A513D /* Build configuration list for PBXNativeTarget "toDoListUITests" */;
			buildPhases = (
				BD42730D26B83273009A513D /* Sources */,
				BD42730E26B83273009A513D /* Frameworks */,
				BD42730F26B83273009A513D /* Resources */,
			);
			buildRules = (
			);
			dependencies = (
				BD42731326B83273009A513D /* PBXTargetDependency */,
			);
			name = toDoListUITests;
			productName = toDoListUITests;
			productReference = BD42731126B83273009A513D /* toDoListUITests.xctest */;
			productType = "com.apple.product-type.bundle.ui-testing";
		};
/* End PBXNativeTarget section */

/* Begin PBXProject section */
		BD4272E526B83271009A513D /* Project object */ = {
			isa = PBXProject;
			attributes = {
				LastSwiftUpdateCheck = 1250;
				LastUpgradeCheck = 1250;
				TargetAttributes = {
					BD4272EC26B83271009A513D = {
						CreatedOnToolsVersion = 12.5.1;
					};
					BD42730526B83273009A513D = {
						CreatedOnToolsVersion = 12.5.1;
						TestTargetID = BD4272EC26B83271009A513D;
					};
					BD42731026B83273009A513D = {
						CreatedOnToolsVersion = 12.5.1;
						TestTargetID = BD4272EC26B83271009A513D;
					};
				};
			};
			buildConfigurationList = BD4272E826B83271009A513D /* Build configuration list for PBXProject "toDoList" */;
			compatibilityVersion = "Xcode 9.3";
			developmentRegion = en;
			hasScannedForEncodings = 0;
			knownRegions = (
				en,
				Base,
			);
			mainGroup = BD4272E426B83271009A513D;
			productRefGroup = BD4272EE26B83271009A513D /* Products */;
			projectDirPath = "";
			projectRoot = "";
			targets = (
				BD4272EC26B83271009A513D /* toDoList */,
				BD42730526B83273009A513D /* toDoListTests */,
				BD42731026B83273009A513D /* toDoListUITests */,
			);
		};
/* End PBXProject section */

/* Begin PBXResourcesBuildPhase section */
		BD4272EB26B83271009A513D /* Resources */ = {
			isa = PBXResourcesBuildPhase;
			buildActionMask = 2147483647;
			files = (
				BD42730026B83273009A513D /* LaunchScreen.storyboard in Resources */,
				BD4272FD26B83273009A513D /* Assets.xcassets in Resources */,
				BD4272F826B83271009A513D /* Main.storyboard in Resources */,
			);
			runOnlyForDeploymentPostprocessing = 0;
		};
		BD42730426B83273009A513D /* Resources */ = {
			isa = PBXResourcesBuildPhase;
			buildActionMask = 2147483647;
			files = (
			);
			runOnlyForDeploymentPostprocessing = 0;
		};
		BD42730F26B83273009A513D /* Resources */ = {
			isa = PBXResourcesBuildPhase;
			buildActionMask = 2147483647;
			files = (
			);
			runOnlyForDeploymentPostprocessing = 0;
		};
/* End PBXResourcesBuildPhase section */

/* Begin PBXSourcesBuildPhase section */
		BD4272E926B83271009A513D /* Sources */ = {
			isa = PBXSourcesBuildPhase;
			buildActionMask = 2147483647;
			files = (
				BD4272F126B83271009A513D /* AppDelegate.swift in Sources */,
				BD42732626B83AA9009A513D /* ToDo.swift in Sources */,
				BD42732426B837F8009A513D /* ToDoTableViewController.swift in Sources */,
				BD4272F326B83271009A513D /* SceneDelegate.swift in Sources */,
				BD4272FB26B83271009A513D /* toDoList.xcdatamodeld in Sources */,
			);
			runOnlyForDeploymentPostprocessing = 0;
		};
		BD42730226B83273009A513D /* Sources */ = {
			isa = PBXSourcesBuildPhase;
			buildActionMask = 2147483647;
			files = (
				BD42730B26B83273009A513D /* toDoListTests.swift in Sources */,
			);
			runOnlyForDeploymentPostprocessing = 0;
		};
		BD42730D26B83273009A513D /* Sources */ = {
			isa = PBXSourcesBuildPhase;
			buildActionMask = 2147483647;
			files = (
				BD42731626B83273009A513D /* toDoListUITests.swift in Sources */,
			);
			runOnlyForDeploymentPostprocessing = 0;
		};
/* End PBXSourcesBuildPhase section */

/* Begin PBXTargetDependency section */
		BD42730826B83273009A513D /* PBXTargetDependency */ = {
			isa = PBXTargetDependency;
			target = BD4272EC26B83271009A513D /* toDoList */;
			targetProxy = BD42730726B83273009A513D /* PBXContainerItemProxy */;
		};
		BD42731326B83273009A513D /* PBXTargetDependency */ = {
			isa = PBXTargetDependency;
			target = BD4272EC26B83271009A513D /* toDoList */;
			targetProxy = BD42731226B83273009A513D /* PBXContainerItemProxy */;
		};
/* End PBXTargetDependency section */

/* Begin PBXVariantGroup section */
		BD4272F626B83271009A513D /* Main.storyboard */ = {
			isa = PBXVariantGroup;
			children = (
				BD4272F726B83271009A513D /* Base */,
			);
			name = Main.storyboard;
			sourceTree = "<group>";
		};
		BD4272FE26B83273009A513D /* LaunchScreen.storyboard */ = {
			isa = PBXVariantGroup;
			children = (
				BD4272FF26B83273009A513D /* Base */,
			);
			name = LaunchScreen.storyboard;
			sourceTree = "<group>";
		};
/* End PBXVariantGroup section */

/* Begin XCBuildConfiguration section */
		BD42731826B83273009A513D /* Debug */ = {
			isa = XCBuildConfiguration;
			buildSettings = {
				ALWAYS_SEARCH_USER_PATHS = NO;
				CLANG_ANALYZER_NONNULL = YES;
				CLANG_ANALYZER_NUMBER_OBJECT_CONVERSION = YES_AGGRESSIVE;
				CLANG_CXX_LANGUAGE_STANDARD = "gnu++14";
				CLANG_CXX_LIBRARY = "libc++";
				CLANG_ENABLE_MODULES = YES;
				CLANG_ENABLE_OBJC_ARC = YES;
				CLANG_ENABLE_OBJC_WEAK = YES;
				CLANG_WARN_BLOCK_CAPTURE_AUTORELEASING = YES;
				CLANG_WARN_BOOL_CONVERSION = YES;
				CLANG_WARN_COMMA = YES;
				CLANG_WARN_CONSTANT_CONVERSION = YES;
				CLANG_WARN_DEPRECATED_OBJC_IMPLEMENTATIONS = YES;
				CLANG_WARN_DIRECT_OBJC_ISA_USAGE = YES_ERROR;
				CLANG_WARN_DOCUMENTATION_COMMENTS = YES;
				CLANG_WARN_EMPTY_BODY = YES;
				CLANG_WARN_ENUM_CONVERSION = YES;
				CLANG_WARN_INFINITE_RECURSION = YES;
				CLANG_WARN_INT_CONVERSION = YES;
				CLANG_WARN_NON_LITERAL_NULL_CONVERSION = YES;
				CLANG_WARN_OBJC_IMPLICIT_RETAIN_SELF = YES;
				CLANG_WARN_OBJC_LITERAL_CONVERSION = YES;
				CLANG_WARN_OBJC_ROOT_CLASS = YES_ERROR;
				CLANG_WARN_QUOTED_INCLUDE_IN_FRAMEWORK_HEADER = YES;
				CLANG_WARN_RANGE_LOOP_ANALYSIS = YES;
				CLANG_WARN_STRICT_PROTOTYPES = YES;
				CLANG_WARN_SUSPICIOUS_MOVE = YES;
				CLANG_WARN_UNGUARDED_AVAILABILITY = YES_AGGRESSIVE;
				CLANG_WARN_UNREACHABLE_CODE = YES;
				CLANG_WARN__DUPLICATE_METHOD_MATCH = YES;
				COPY_PHASE_STRIP = NO;
				DEBUG_INFORMATION_FORMAT = dwarf;
				ENABLE_STRICT_OBJC_MSGSEND = YES;
				ENABLE_TESTABILITY = YES;
				GCC_C_LANGUAGE_STANDARD = gnu11;
				GCC_DYNAMIC_NO_PIC = NO;
				GCC_NO_COMMON_BLOCKS = YES;
				GCC_OPTIMIZATION_LEVEL = 0;
				GCC_PREPROCESSOR_DEFINITIONS = (
					"DEBUG=1",
					"$(inherited)",
				);
				GCC_WARN_64_TO_32_BIT_CONVERSION = YES;
				GCC_WARN_ABOUT_RETURN_TYPE = YES_ERROR;
				GCC_WARN_UNDECLARED_SELECTOR = YES;
				GCC_WARN_UNINITIALIZED_AUTOS = YES_AGGRESSIVE;
				GCC_WARN_UNUSED_FUNCTION = YES;
				GCC_WARN_UNUSED_VARIABLE = YES;
				IPHONEOS_DEPLOYMENT_TARGET = 14.5;
				MTL_ENABLE_DEBUG_INFO = INCLUDE_SOURCE;
				MTL_FAST_MATH = YES;
				ONLY_ACTIVE_ARCH = YES;
				SDKROOT = iphoneos;
				SWIFT_ACTIVE_COMPILATION_CONDITIONS = DEBUG;
				SWIFT_OPTIMIZATION_LEVEL = "-Onone";
			};
			name = Debug;
		};
		BD42731926B83273009A513D /* Release */ = {
			isa = XCBuildConfiguration;
			buildSettings = {
				ALWAYS_SEARCH_USER_PATHS = NO;
				CLANG_ANALYZER_NONNULL = YES;
				CLANG_ANALYZER_NUMBER_OBJECT_CONVERSION = YES_AGGRESSIVE;
				CLANG_CXX_LANGUAGE_STANDARD = "gnu++14";
				CLANG_CXX_LIBRARY = "libc++";
				CLANG_ENABLE_MODULES = YES;
				CLANG_ENABLE_OBJC_ARC = YES;
				CLANG_ENABLE_OBJC_WEAK = YES;
				CLANG_WARN_BLOCK_CAPTURE_AUTORELEASING = YES;
				CLANG_WARN_BOOL_CONVERSION = YES;
				CLANG_WARN_COMMA = YES;
				CLANG_WARN_CONSTANT_CONVERSION = YES;
				CLANG_WARN_DEPRECATED_OBJC_IMPLEMENTATIONS = YES;
				CLANG_WARN_DIRECT_OBJC_ISA_USAGE = YES_ERROR;
				CLANG_WARN_DOCUMENTATION_COMMENTS = YES;
				CLANG_WARN_EMPTY_BODY = YES;
				CLANG_WARN_ENUM_CONVERSION = YES;
				CLANG_WARN_INFINITE_RECURSION = YES;
				CLANG_WARN_INT_CONVERSION = YES;
				CLANG_WARN_NON_LITERAL_NULL_CONVERSION = YES;
				CLANG_WARN_OBJC_IMPLICIT_RETAIN_SELF = YES;
				CLANG_WARN_OBJC_LITERAL_CONVERSION = YES;
				CLANG_WARN_OBJC_ROOT_CLASS = YES_ERROR;
				CLANG_WARN_QUOTED_INCLUDE_IN_FRAMEWORK_HEADER = YES;
				CLANG_WARN_RANGE_LOOP_ANALYSIS = YES;
				CLANG_WARN_STRICT_PROTOTYPES = YES;
				CLANG_WARN_SUSPICIOUS_MOVE = YES;
				CLANG_WARN_UNGUARDED_AVAILABILITY = YES_AGGRESSIVE;
				CLANG_WARN_UNREACHABLE_CODE = YES;
				CLANG_WARN__DUPLICATE_METHOD_MATCH = YES;
				COPY_PHASE_STRIP = NO;
				DEBUG_INFORMATION_FORMAT = "dwarf-with-dsym";
				ENABLE_NS_ASSERTIONS = NO;
				ENABLE_STRICT_OBJC_MSGSEND = YES;
				GCC_C_LANGUAGE_STANDARD = gnu11;
				GCC_NO_COMMON_BLOCKS = YES;
				GCC_WARN_64_TO_32_BIT_CONVERSION = YES;
				GCC_WARN_ABOUT_RETURN_TYPE = YES_ERROR;
				GCC_WARN_UNDECLARED_SELECTOR = YES;
				GCC_WARN_UNINITIALIZED_AUTOS = YES_AGGRESSIVE;
				GCC_WARN_UNUSED_FUNCTION = YES;
				GCC_WARN_UNUSED_VARIABLE = YES;
				IPHONEOS_DEPLOYMENT_TARGET = 14.5;
				MTL_ENABLE_DEBUG_INFO = NO;
				MTL_FAST_MATH = YES;
				SDKROOT = iphoneos;
				SWIFT_COMPILATION_MODE = wholemodule;
				SWIFT_OPTIMIZATION_LEVEL = "-O";
				VALIDATE_PRODUCT = YES;
			};
			name = Release;
		};
		BD42731B26B83273009A513D /* Debug */ = {
			isa = XCBuildConfiguration;
			buildSettings = {
				ASSETCATALOG_COMPILER_APPICON_NAME = AppIcon;
				ASSETCATALOG_COMPILER_GLOBAL_ACCENT_COLOR_NAME = AccentColor;
				CODE_SIGN_STYLE = Automatic;
				INFOPLIST_FILE = toDoList/Info.plist;
				LD_RUNPATH_SEARCH_PATHS = (
					"$(inherited)",
					"@executable_path/Frameworks",
				);
				PRODUCT_BUNDLE_IDENTIFIER = KWK.toDoList;
				PRODUCT_NAME = "$(TARGET_NAME)";
				SWIFT_VERSION = 5.0;
				TARGETED_DEVICE_FAMILY = "1,2";
			};
			name = Debug;
		};
		BD42731C26B83273009A513D /* Release */ = {
			isa = XCBuildConfiguration;
			buildSettings = {
				ASSETCATALOG_COMPILER_APPICON_NAME = AppIcon;
				ASSETCATALOG_COMPILER_GLOBAL_ACCENT_COLOR_NAME = AccentColor;
				CODE_SIGN_STYLE = Automatic;
				INFOPLIST_FILE = toDoList/Info.plist;
				LD_RUNPATH_SEARCH_PATHS = (
					"$(inherited)",
					"@executable_path/Frameworks",
				);
				PRODUCT_BUNDLE_IDENTIFIER = KWK.toDoList;
				PRODUCT_NAME = "$(TARGET_NAME)";
				SWIFT_VERSION = 5.0;
				TARGETED_DEVICE_FAMILY = "1,2";
			};
			name = Release;
		};
		BD42731E26B83273009A513D /* Debug */ = {
			isa = XCBuildConfiguration;
			buildSettings = {
				ALWAYS_EMBED_SWIFT_STANDARD_LIBRARIES = YES;
				BUNDLE_LOADER = "$(TEST_HOST)";
				CODE_SIGN_STYLE = Automatic;
				INFOPLIST_FILE = toDoListTests/Info.plist;
				IPHONEOS_DEPLOYMENT_TARGET = 14.5;
				LD_RUNPATH_SEARCH_PATHS = (
					"$(inherited)",
					"@executable_path/Frameworks",
					"@loader_path/Frameworks",
				);
				PRODUCT_BUNDLE_IDENTIFIER = KWK.toDoListTests;
				PRODUCT_NAME = "$(TARGET_NAME)";
				SWIFT_VERSION = 5.0;
				TARGETED_DEVICE_FAMILY = "1,2";
				TEST_HOST = "$(BUILT_PRODUCTS_DIR)/toDoList.app/toDoList";
			};
			name = Debug;
		};
		BD42731F26B83273009A513D /* Release */ = {
			isa = XCBuildConfiguration;
			buildSettings = {
				ALWAYS_EMBED_SWIFT_STANDARD_LIBRARIES = YES;
				BUNDLE_LOADER = "$(TEST_HOST)";
				CODE_SIGN_STYLE = Automatic;
				INFOPLIST_FILE = toDoListTests/Info.plist;
				IPHONEOS_DEPLOYMENT_TARGET = 14.5;
				LD_RUNPATH_SEARCH_PATHS = (
					"$(inherited)",
					"@executable_path/Frameworks",
					"@loader_path/Frameworks",
				);
				PRODUCT_BUNDLE_IDENTIFIER = KWK.toDoListTests;
				PRODUCT_NAME = "$(TARGET_NAME)";
				SWIFT_VERSION = 5.0;
				TARGETED_DEVICE_FAMILY = "1,2";
				TEST_HOST = "$(BUILT_PRODUCTS_DIR)/toDoList.app/toDoList";
			};
			name = Release;
		};
		BD42732126B83273009A513D /* Debug */ = {
			isa = XCBuildConfiguration;
			buildSettings = {
				ALWAYS_EMBED_SWIFT_STANDARD_LIBRARIES = YES;
				CODE_SIGN_STYLE = Automatic;
				INFOPLIST_FILE = toDoListUITests/Info.plist;
				LD_RUNPATH_SEARCH_PATHS = (
					"$(inherited)",
					"@executable_path/Frameworks",
					"@loader_path/Frameworks",
				);
				PRODUCT_BUNDLE_IDENTIFIER = KWK.toDoListUITests;
				PRODUCT_NAME = "$(TARGET_NAME)";
				SWIFT_VERSION = 5.0;
				TARGETED_DEVICE_FAMILY = "1,2";
				TEST_TARGET_NAME = toDoList;
			};
			name = Debug;
		};
		BD42732226B83273009A513D /* Release */ = {
			isa = XCBuildConfiguration;
			buildSettings = {
				ALWAYS_EMBED_SWIFT_STANDARD_LIBRARIES = YES;
				CODE_SIGN_STYLE = Automatic;
				INFOPLIST_FILE = toDoListUITests/Info.plist;
				LD_RUNPATH_SEARCH_PATHS = (
					"$(inherited)",
					"@executable_path/Frameworks",
					"@loader_path/Frameworks",
				);
				PRODUCT_BUNDLE_IDENTIFIER = KWK.toDoListUITests;
				PRODUCT_NAME = "$(TARGET_NAME)";
				SWIFT_VERSION = 5.0;
				TARGETED_DEVICE_FAMILY = "1,2";
				TEST_TARGET_NAME = toDoList;
			};
			name = Release;
		};
/* End XCBuildConfiguration section */

/* Begin XCConfigurationList section */
		BD4272E826B83271009A513D /* Build configuration list for PBXProject "toDoList" */ = {
			isa = XCConfigurationList;
			buildConfigurations = (
				BD42731826B83273009A513D /* Debug */,
				BD42731926B83273009A513D /* Release */,
			);
			defaultConfigurationIsVisible = 0;
			defaultConfigurationName = Release;
		};
		BD42731A26B83273009A513D /* Build configuration list for PBXNativeTarget "toDoList" */ = {
			isa = XCConfigurationList;
			buildConfigurations = (
				BD42731B26B83273009A513D /* Debug */,
				BD42731C26B83273009A513D /* Release */,
			);
			defaultConfigurationIsVisible = 0;
			defaultConfigurationName = Release;
		};
		BD42731D26B83273009A513D /* Build configuration list for PBXNativeTarget "toDoListTests" */ = {
			isa = XCConfigurationList;
			buildConfigurations = (
				BD42731E26B83273009A513D /* Debug */,
				BD42731F26B83273009A513D /* Release */,
			);
			defaultConfigurationIsVisible = 0;
			defaultConfigurationName = Release;
		};
		BD42732026B83273009A513D /* Build configuration list for PBXNativeTarget "toDoListUITests" */ = {
			isa = XCConfigurationList;
			buildConfigurations = (
				BD42732126B83273009A513D /* Debug */,
				BD42732226B83273009A513D /* Release */,
			);
			defaultConfigurationIsVisible = 0;
			defaultConfigurationName = Release;
		};
/* End XCConfigurationList section */

/* Begin XCVersionGroup section */
		BD4272F926B83271009A513D /* toDoList.xcdatamodeld */ = {
			isa = XCVersionGroup;
			children = (
				BD4272FA26B83271009A513D /* toDoList.xcdatamodel */,
			);
			currentVersion = BD4272FA26B83271009A513D /* toDoList.xcdatamodel */;
			path = toDoList.xcdatamodeld;
			sourceTree = "<group>";
			versionGroupType = wrapper.xcdatamodel;
		};
/* End XCVersionGroup section */
	};
	rootObject = BD4272E526B83271009A513D /* Project object */;
}
