// !$*UTF8*$!
{
	archiveVersion = 1;
	classes = {
	};
	objectVersion = 50;
	objects = {

/* Begin PBXBuildFile section */
		BD5BAD1E26B1A24C00CE3A92 /* AppDelegate.swift in Sources */ = {isa = PBXBuildFile; fileRef = BD5BAD1D26B1A24C00CE3A92 /* AppDelegate.swift */; };
		BD5BAD2026B1A24C00CE3A92 /* SceneDelegate.swift in Sources */ = {isa = PBXBuildFile; fileRef = BD5BAD1F26B1A24C00CE3A92 /* SceneDelegate.swift */; };
		BD5BAD2226B1A24C00CE3A92 /* ViewController.swift in Sources */ = {isa = PBXBuildFile; fileRef = BD5BAD2126B1A24C00CE3A92 /* ViewController.swift */; };
		BD5BAD2526B1A24C00CE3A92 /* Main.storyboard in Resources */ = {isa = PBXBuildFile; fileRef = BD5BAD2326B1A24C00CE3A92 /* Main.storyboard */; };
		BD5BAD2826B1A24C00CE3A92 /* StoryBoardIntro.xcdatamodeld in Sources */ = {isa = PBXBuildFile; fileRef = BD5BAD2626B1A24C00CE3A92 /* StoryBoardIntro.xcdatamodeld */; };
		BD5BAD2A26B1A24D00CE3A92 /* Assets.xcassets in Resources */ = {isa = PBXBuildFile; fileRef = BD5BAD2926B1A24D00CE3A92 /* Assets.xcassets */; };
		BD5BAD2D26B1A24D00CE3A92 /* LaunchScreen.storyboard in Resources */ = {isa = PBXBuildFile; fileRef = BD5BAD2B26B1A24D00CE3A92 /* LaunchScreen.storyboard */; };
		BD5BAD3826B1A24D00CE3A92 /* StoryBoardIntroTests.swift in Sources */ = {isa = PBXBuildFile; fileRef = BD5BAD3726B1A24D00CE3A92 /* StoryBoardIntroTests.swift */; };
		BD5BAD4326B1A24D00CE3A92 /* StoryBoardIntroUITests.swift in Sources */ = {isa = PBXBuildFile; fileRef = BD5BAD4226B1A24D00CE3A92 /* StoryBoardIntroUITests.swift */; };
/* End PBXBuildFile section */

/* Begin PBXContainerItemProxy section */
		BD5BAD3426B1A24D00CE3A92 /* PBXContainerItemProxy */ = {
			isa = PBXContainerItemProxy;
			containerPortal = BD5BAD1226B1A24C00CE3A92 /* Project object */;
			proxyType = 1;
			remoteGlobalIDString = BD5BAD1926B1A24C00CE3A92;
			remoteInfo = StoryBoardIntro;
		};
		BD5BAD3F26B1A24D00CE3A92 /* PBXContainerItemProxy */ = {
			isa = PBXContainerItemProxy;
			containerPortal = BD5BAD1226B1A24C00CE3A92 /* Project object */;
			proxyType = 1;
			remoteGlobalIDString = BD5BAD1926B1A24C00CE3A92;
			remoteInfo = StoryBoardIntro;
		};
/* End PBXContainerItemProxy section */

/* Begin PBXFileReference section */
		BD5BAD1A26B1A24C00CE3A92 /* StoryBoardIntro.app */ = {isa = PBXFileReference; explicitFileType = wrapper.application; includeInIndex = 0; path = StoryBoardIntro.app; sourceTree = BUILT_PRODUCTS_DIR; };
		BD5BAD1D26B1A24C00CE3A92 /* AppDelegate.swift */ = {isa = PBXFileReference; lastKnownFileType = sourcecode.swift; path = AppDelegate.swift; sourceTree = "<group>"; };
		BD5BAD1F26B1A24C00CE3A92 /* SceneDelegate.swift */ = {isa = PBXFileReference; lastKnownFileType = sourcecode.swift; path = SceneDelegate.swift; sourceTree = "<group>"; };
		BD5BAD2126B1A24C00CE3A92 /* ViewController.swift */ = {isa = PBXFileReference; lastKnownFileType = sourcecode.swift; path = ViewController.swift; sourceTree = "<group>"; };
		BD5BAD2426B1A24C00CE3A92 /* Base */ = {isa = PBXFileReference; lastKnownFileType = file.storyboard; name = Base; path = Base.lproj/Main.storyboard; sourceTree = "<group>"; };
		BD5BAD2726B1A24C00CE3A92 /* StoryBoardIntro.xcdatamodel */ = {isa = PBXFileReference; lastKnownFileType = wrapper.xcdatamodel; path = StoryBoardIntro.xcdatamodel; sourceTree = "<group>"; };
		BD5BAD2926B1A24D00CE3A92 /* Assets.xcassets */ = {isa = PBXFileReference; lastKnownFileType = folder.assetcatalog; path = Assets.xcassets; sourceTree = "<group>"; };
		BD5BAD2C26B1A24D00CE3A92 /* Base */ = {isa = PBXFileReference; lastKnownFileType = file.storyboard; name = Base; path = Base.lproj/LaunchScreen.storyboard; sourceTree = "<group>"; };
		BD5BAD2E26B1A24D00CE3A92 /* Info.plist */ = {isa = PBXFileReference; lastKnownFileType = text.plist.xml; path = Info.plist; sourceTree = "<group>"; };
		BD5BAD3326B1A24D00CE3A92 /* StoryBoardIntroTests.xctest */ = {isa = PBXFileReference; explicitFileType = wrapper.cfbundle; includeInIndex = 0; path = StoryBoardIntroTests.xctest; sourceTree = BUILT_PRODUCTS_DIR; };
		BD5BAD3726B1A24D00CE3A92 /* StoryBoardIntroTests.swift */ = {isa = PBXFileReference; lastKnownFileType = sourcecode.swift; path = StoryBoardIntroTests.swift; sourceTree = "<group>"; };
		BD5BAD3926B1A24D00CE3A92 /* Info.plist */ = {isa = PBXFileReference; lastKnownFileType = text.plist.xml; path = Info.plist; sourceTree = "<group>"; };
		BD5BAD3E26B1A24D00CE3A92 /* StoryBoardIntroUITests.xctest */ = {isa = PBXFileReference; explicitFileType = wrapper.cfbundle; includeInIndex = 0; path = StoryBoardIntroUITests.xctest; sourceTree = BUILT_PRODUCTS_DIR; };
		BD5BAD4226B1A24D00CE3A92 /* StoryBoardIntroUITests.swift */ = {isa = PBXFileReference; lastKnownFileType = sourcecode.swift; path = StoryBoardIntroUITests.swift; sourceTree = "<group>"; };
		BD5BAD4426B1A24D00CE3A92 /* Info.plist */ = {isa = PBXFileReference; lastKnownFileType = text.plist.xml; path = Info.plist; sourceTree = "<group>"; };
/* End PBXFileReference section */

/* Begin PBXFrameworksBuildPhase section */
		BD5BAD1726B1A24C00CE3A92 /* Frameworks */ = {
			isa = PBXFrameworksBuildPhase;
			buildActionMask = 2147483647;
			files = (
			);
			runOnlyForDeploymentPostprocessing = 0;
		};
		BD5BAD3026B1A24D00CE3A92 /* Frameworks */ = {
			isa = PBXFrameworksBuildPhase;
			buildActionMask = 2147483647;
			files = (
			);
			runOnlyForDeploymentPostprocessing = 0;
		};
		BD5BAD3B26B1A24D00CE3A92 /* Frameworks */ = {
			isa = PBXFrameworksBuildPhase;
			buildActionMask = 2147483647;
			files = (
			);
			runOnlyForDeploymentPostprocessing = 0;
		};
/* End PBXFrameworksBuildPhase section */

/* Begin PBXGroup section */
		BD5BAD1126B1A24C00CE3A92 = {
			isa = PBXGroup;
			children = (
				BD5BAD1C26B1A24C00CE3A92 /* StoryBoardIntro */,
				BD5BAD3626B1A24D00CE3A92 /* StoryBoardIntroTests */,
				BD5BAD4126B1A24D00CE3A92 /* StoryBoardIntroUITests */,
				BD5BAD1B26B1A24C00CE3A92 /* Products */,
			);
			sourceTree = "<group>";
		};
		BD5BAD1B26B1A24C00CE3A92 /* Products */ = {
			isa = PBXGroup;
			children = (
				BD5BAD1A26B1A24C00CE3A92 /* StoryBoardIntro.app */,
				BD5BAD3326B1A24D00CE3A92 /* StoryBoardIntroTests.xctest */,
				BD5BAD3E26B1A24D00CE3A92 /* StoryBoardIntroUITests.xctest */,
			);
			name = Products;
			sourceTree = "<group>";
		};
		BD5BAD1C26B1A24C00CE3A92 /* StoryBoardIntro */ = {
			isa = PBXGroup;
			children = (
				BD5BAD1D26B1A24C00CE3A92 /* AppDelegate.swift */,
				BD5BAD1F26B1A24C00CE3A92 /* SceneDelegate.swift */,
				BD5BAD2126B1A24C00CE3A92 /* ViewController.swift */,
				BD5BAD2326B1A24C00CE3A92 /* Main.storyboard */,
				BD5BAD2926B1A24D00CE3A92 /* Assets.xcassets */,
				BD5BAD2B26B1A24D00CE3A92 /* LaunchScreen.storyboard */,
				BD5BAD2E26B1A24D00CE3A92 /* Info.plist */,
				BD5BAD2626B1A24C00CE3A92 /* StoryBoardIntro.xcdatamodeld */,
			);
			path = StoryBoardIntro;
			sourceTree = "<group>";
		};
		BD5BAD3626B1A24D00CE3A92 /* StoryBoardIntroTests */ = {
			isa = PBXGroup;
			children = (
				BD5BAD3726B1A24D00CE3A92 /* StoryBoardIntroTests.swift */,
				BD5BAD3926B1A24D00CE3A92 /* Info.plist */,
			);
			path = StoryBoardIntroTests;
			sourceTree = "<group>";
		};
		BD5BAD4126B1A24D00CE3A92 /* StoryBoardIntroUITests */ = {
			isa = PBXGroup;
			children = (
				BD5BAD4226B1A24D00CE3A92 /* StoryBoardIntroUITests.swift */,
				BD5BAD4426B1A24D00CE3A92 /* Info.plist */,
			);
			path = StoryBoardIntroUITests;
			sourceTree = "<group>";
		};
/* End PBXGroup section */

/* Begin PBXNativeTarget section */
		BD5BAD1926B1A24C00CE3A92 /* StoryBoardIntro */ = {
			isa = PBXNativeTarget;
			buildConfigurationList = BD5BAD4726B1A24D00CE3A92 /* Build configuration list for PBXNativeTarget "StoryBoardIntro" */;
			buildPhases = (
				BD5BAD1626B1A24C00CE3A92 /* Sources */,
				BD5BAD1726B1A24C00CE3A92 /* Frameworks */,
				BD5BAD1826B1A24C00CE3A92 /* Resources */,
			);
			buildRules = (
			);
			dependencies = (
			);
			name = StoryBoardIntro;
			productName = StoryBoardIntro;
			productReference = BD5BAD1A26B1A24C00CE3A92 /* StoryBoardIntro.app */;
			productType = "com.apple.product-type.application";
		};
		BD5BAD3226B1A24D00CE3A92 /* StoryBoardIntroTests */ = {
			isa = PBXNativeTarget;
			buildConfigurationList = BD5BAD4A26B1A24D00CE3A92 /* Build configuration list for PBXNativeTarget "StoryBoardIntroTests" */;
			buildPhases = (
				BD5BAD2F26B1A24D00CE3A92 /* Sources */,
				BD5BAD3026B1A24D00CE3A92 /* Frameworks */,
				BD5BAD3126B1A24D00CE3A92 /* Resources */,
			);
			buildRules = (
			);
			dependencies = (
				BD5BAD3526B1A24D00CE3A92 /* PBXTargetDependency */,
			);
			name = StoryBoardIntroTests;
			productName = StoryBoardIntroTests;
			productReference = BD5BAD3326B1A24D00CE3A92 /* StoryBoardIntroTests.xctest */;
			productType = "com.apple.product-type.bundle.unit-test";
		};
		BD5BAD3D26B1A24D00CE3A92 /* StoryBoardIntroUITests */ = {
			isa = PBXNativeTarget;
			buildConfigurationList = BD5BAD4D26B1A24D00CE3A92 /* Build configuration list for PBXNativeTarget "StoryBoardIntroUITests" */;
			buildPhases = (
				BD5BAD3A26B1A24D00CE3A92 /* Sources */,
				BD5BAD3B26B1A24D00CE3A92 /* Frameworks */,
				BD5BAD3C26B1A24D00CE3A92 /* Resources */,
			);
			buildRules = (
			);
			dependencies = (
				BD5BAD4026B1A24D00CE3A92 /* PBXTargetDependency */,
			);
			name = StoryBoardIntroUITests;
			productName = StoryBoardIntroUITests;
			productReference = BD5BAD3E26B1A24D00CE3A92 /* StoryBoardIntroUITests.xctest */;
			productType = "com.apple.product-type.bundle.ui-testing";
		};
/* End PBXNativeTarget section */

/* Begin PBXProject section */
		BD5BAD1226B1A24C00CE3A92 /* Project object */ = {
			isa = PBXProject;
			attributes = {
				LastSwiftUpdateCheck = 1250;
				LastUpgradeCheck = 1250;
				TargetAttributes = {
					BD5BAD1926B1A24C00CE3A92 = {
						CreatedOnToolsVersion = 12.5.1;
					};
					BD5BAD3226B1A24D00CE3A92 = {
						CreatedOnToolsVersion = 12.5.1;
						TestTargetID = BD5BAD1926B1A24C00CE3A92;
					};
					BD5BAD3D26B1A24D00CE3A92 = {
						CreatedOnToolsVersion = 12.5.1;
						TestTargetID = BD5BAD1926B1A24C00CE3A92;
					};
				};
			};
			buildConfigurationList = BD5BAD1526B1A24C00CE3A92 /* Build configuration list for PBXProject "StoryBoardIntro" */;
			compatibilityVersion = "Xcode 9.3";
			developmentRegion = en;
			hasScannedForEncodings = 0;
			knownRegions = (
				en,
				Base,
			);
			mainGroup = BD5BAD1126B1A24C00CE3A92;
			productRefGroup = BD5BAD1B26B1A24C00CE3A92 /* Products */;
			projectDirPath = "";
			projectRoot = "";
			targets = (
				BD5BAD1926B1A24C00CE3A92 /* StoryBoardIntro */,
				BD5BAD3226B1A24D00CE3A92 /* StoryBoardIntroTests */,
				BD5BAD3D26B1A24D00CE3A92 /* StoryBoardIntroUITests */,
			);
		};
/* End PBXProject section */

/* Begin PBXResourcesBuildPhase section */
		BD5BAD1826B1A24C00CE3A92 /* Resources */ = {
			isa = PBXResourcesBuildPhase;
			buildActionMask = 2147483647;
			files = (
				BD5BAD2D26B1A24D00CE3A92 /* LaunchScreen.storyboard in Resources */,
				BD5BAD2A26B1A24D00CE3A92 /* Assets.xcassets in Resources */,
				BD5BAD2526B1A24C00CE3A92 /* Main.storyboard in Resources */,
			);
			runOnlyForDeploymentPostprocessing = 0;
		};
		BD5BAD3126B1A24D00CE3A92 /* Resources */ = {
			isa = PBXResourcesBuildPhase;
			buildActionMask = 2147483647;
			files = (
			);
			runOnlyForDeploymentPostprocessing = 0;
		};
		BD5BAD3C26B1A24D00CE3A92 /* Resources */ = {
			isa = PBXResourcesBuildPhase;
			buildActionMask = 2147483647;
			files = (
			);
			runOnlyForDeploymentPostprocessing = 0;
		};
/* End PBXResourcesBuildPhase section */

/* Begin PBXSourcesBuildPhase section */
		BD5BAD1626B1A24C00CE3A92 /* Sources */ = {
			isa = PBXSourcesBuildPhase;
			buildActionMask = 2147483647;
			files = (
				BD5BAD2226B1A24C00CE3A92 /* ViewController.swift in Sources */,
				BD5BAD2826B1A24C00CE3A92 /* StoryBoardIntro.xcdatamodeld in Sources */,
				BD5BAD1E26B1A24C00CE3A92 /* AppDelegate.swift in Sources */,
				BD5BAD2026B1A24C00CE3A92 /* SceneDelegate.swift in Sources */,
			);
			runOnlyForDeploymentPostprocessing = 0;
		};
		BD5BAD2F26B1A24D00CE3A92 /* Sources */ = {
			isa = PBXSourcesBuildPhase;
			buildActionMask = 2147483647;
			files = (
				BD5BAD3826B1A24D00CE3A92 /* StoryBoardIntroTests.swift in Sources */,
			);
			runOnlyForDeploymentPostprocessing = 0;
		};
		BD5BAD3A26B1A24D00CE3A92 /* Sources */ = {
			isa = PBXSourcesBuildPhase;
			buildActionMask = 2147483647;
			files = (
				BD5BAD4326B1A24D00CE3A92 /* StoryBoardIntroUITests.swift in Sources */,
			);
			runOnlyForDeploymentPostprocessing = 0;
		};
/* End PBXSourcesBuildPhase section */

/* Begin PBXTargetDependency section */
		BD5BAD3526B1A24D00CE3A92 /* PBXTargetDependency */ = {
			isa = PBXTargetDependency;
			target = BD5BAD1926B1A24C00CE3A92 /* StoryBoardIntro */;
			targetProxy = BD5BAD3426B1A24D00CE3A92 /* PBXContainerItemProxy */;
		};
		BD5BAD4026B1A24D00CE3A92 /* PBXTargetDependency */ = {
			isa = PBXTargetDependency;
			target = BD5BAD1926B1A24C00CE3A92 /* StoryBoardIntro */;
			targetProxy = BD5BAD3F26B1A24D00CE3A92 /* PBXContainerItemProxy */;
		};
/* End PBXTargetDependency section */

/* Begin PBXVariantGroup section */
		BD5BAD2326B1A24C00CE3A92 /* Main.storyboard */ = {
			isa = PBXVariantGroup;
			children = (
				BD5BAD2426B1A24C00CE3A92 /* Base */,
			);
			name = Main.storyboard;
			sourceTree = "<group>";
		};
		BD5BAD2B26B1A24D00CE3A92 /* LaunchScreen.storyboard */ = {
			isa = PBXVariantGroup;
			children = (
				BD5BAD2C26B1A24D00CE3A92 /* Base */,
			);
			name = LaunchScreen.storyboard;
			sourceTree = "<group>";
		};
/* End PBXVariantGroup section */

/* Begin XCBuildConfiguration section */
		BD5BAD4526B1A24D00CE3A92 /* Debug */ = {
			isa = XCBuildConfiguration;
			buildSettings = {
				ALWAYS_SEARCH_USER_PATHS = NO;
				CLANG_ANALYZER_NONNULL = YES;
				CLANG_ANALYZER_NUMBER_OBJECT_CONVERSION = YES_AGGRESSIVE;
				CLANG_CXX_LANGUAGE_STANDARD = "gnu++14";
				CLANG_CXX_LIBRARY = "libc++";
				CLANG_ENABLE_MODULES = YES;
				CLANG_ENABLE_OBJC_ARC = YES;
				CLANG_ENABLE_OBJC_WEAK = YES;
				CLANG_WARN_BLOCK_CAPTURE_AUTORELEASING = YES;
				CLANG_WARN_BOOL_CONVERSION = YES;
				CLANG_WARN_COMMA = YES;
				CLANG_WARN_CONSTANT_CONVERSION = YES;
				CLANG_WARN_DEPRECATED_OBJC_IMPLEMENTATIONS = YES;
				CLANG_WARN_DIRECT_OBJC_ISA_USAGE = YES_ERROR;
				CLANG_WARN_DOCUMENTATION_COMMENTS = YES;
				CLANG_WARN_EMPTY_BODY = YES;
				CLANG_WARN_ENUM_CONVERSION = YES;
				CLANG_WARN_INFINITE_RECURSION = YES;
				CLANG_WARN_INT_CONVERSION = YES;
				CLANG_WARN_NON_LITERAL_NULL_CONVERSION = YES;
				CLANG_WARN_OBJC_IMPLICIT_RETAIN_SELF = YES;
				CLANG_WARN_OBJC_LITERAL_CONVERSION = YES;
				CLANG_WARN_OBJC_ROOT_CLASS = YES_ERROR;
				CLANG_WARN_QUOTED_INCLUDE_IN_FRAMEWORK_HEADER = YES;
				CLANG_WARN_RANGE_LOOP_ANALYSIS = YES;
				CLANG_WARN_STRICT_PROTOTYPES = YES;
				CLANG_WARN_SUSPICIOUS_MOVE = YES;
				CLANG_WARN_UNGUARDED_AVAILABILITY = YES_AGGRESSIVE;
				CLANG_WARN_UNREACHABLE_CODE = YES;
				CLANG_WARN__DUPLICATE_METHOD_MATCH = YES;
				COPY_PHASE_STRIP = NO;
				DEBUG_INFORMATION_FORMAT = dwarf;
				ENABLE_STRICT_OBJC_MSGSEND = YES;
				ENABLE_TESTABILITY = YES;
				GCC_C_LANGUAGE_STANDARD = gnu11;
				GCC_DYNAMIC_NO_PIC = NO;
				GCC_NO_COMMON_BLOCKS = YES;
				GCC_OPTIMIZATION_LEVEL = 0;
				GCC_PREPROCESSOR_DEFINITIONS = (
					"DEBUG=1",
					"$(inherited)",
				);
				GCC_WARN_64_TO_32_BIT_CONVERSION = YES;
				GCC_WARN_ABOUT_RETURN_TYPE = YES_ERROR;
				GCC_WARN_UNDECLARED_SELECTOR = YES;
				GCC_WARN_UNINITIALIZED_AUTOS = YES_AGGRESSIVE;
				GCC_WARN_UNUSED_FUNCTION = YES;
				GCC_WARN_UNUSED_VARIABLE = YES;
				IPHONEOS_DEPLOYMENT_TARGET = 14.5;
				MTL_ENABLE_DEBUG_INFO = INCLUDE_SOURCE;
				MTL_FAST_MATH = YES;
				ONLY_ACTIVE_ARCH = YES;
				SDKROOT = iphoneos;
				SWIFT_ACTIVE_COMPILATION_CONDITIONS = DEBUG;
				SWIFT_OPTIMIZATION_LEVEL = "-Onone";
			};
			name = Debug;
		};
		BD5BAD4626B1A24D00CE3A92 /* Release */ = {
			isa = XCBuildConfiguration;
			buildSettings = {
				ALWAYS_SEARCH_USER_PATHS = NO;
				CLANG_ANALYZER_NONNULL = YES;
				CLANG_ANALYZER_NUMBER_OBJECT_CONVERSION = YES_AGGRESSIVE;
				CLANG_CXX_LANGUAGE_STANDARD = "gnu++14";
				CLANG_CXX_LIBRARY = "libc++";
				CLANG_ENABLE_MODULES = YES;
				CLANG_ENABLE_OBJC_ARC = YES;
				CLANG_ENABLE_OBJC_WEAK = YES;
				CLANG_WARN_BLOCK_CAPTURE_AUTORELEASING = YES;
				CLANG_WARN_BOOL_CONVERSION = YES;
				CLANG_WARN_COMMA = YES;
				CLANG_WARN_CONSTANT_CONVERSION = YES;
				CLANG_WARN_DEPRECATED_OBJC_IMPLEMENTATIONS = YES;
				CLANG_WARN_DIRECT_OBJC_ISA_USAGE = YES_ERROR;
				CLANG_WARN_DOCUMENTATION_COMMENTS = YES;
				CLANG_WARN_EMPTY_BODY = YES;
				CLANG_WARN_ENUM_CONVERSION = YES;
				CLANG_WARN_INFINITE_RECURSION = YES;
				CLANG_WARN_INT_CONVERSION = YES;
				CLANG_WARN_NON_LITERAL_NULL_CONVERSION = YES;
				CLANG_WARN_OBJC_IMPLICIT_RETAIN_SELF = YES;
				CLANG_WARN_OBJC_LITERAL_CONVERSION = YES;
				CLANG_WARN_OBJC_ROOT_CLASS = YES_ERROR;
				CLANG_WARN_QUOTED_INCLUDE_IN_FRAMEWORK_HEADER = YES;
				CLANG_WARN_RANGE_LOOP_ANALYSIS = YES;
				CLANG_WARN_STRICT_PROTOTYPES = YES;
				CLANG_WARN_SUSPICIOUS_MOVE = YES;
				CLANG_WARN_UNGUARDED_AVAILABILITY = YES_AGGRESSIVE;
				CLANG_WARN_UNREACHABLE_CODE = YES;
				CLANG_WARN__DUPLICATE_METHOD_MATCH = YES;
				COPY_PHASE_STRIP = NO;
				DEBUG_INFORMATION_FORMAT = "dwarf-with-dsym";
				ENABLE_NS_ASSERTIONS = NO;
				ENABLE_STRICT_OBJC_MSGSEND = YES;
				GCC_C_LANGUAGE_STANDARD = gnu11;
				GCC_NO_COMMON_BLOCKS = YES;
				GCC_WARN_64_TO_32_BIT_CONVERSION = YES;
				GCC_WARN_ABOUT_RETURN_TYPE = YES_ERROR;
				GCC_WARN_UNDECLARED_SELECTOR = YES;
				GCC_WARN_UNINITIALIZED_AUTOS = YES_AGGRESSIVE;
				GCC_WARN_UNUSED_FUNCTION = YES;
				GCC_WARN_UNUSED_VARIABLE = YES;
				IPHONEOS_DEPLOYMENT_TARGET = 14.5;
				MTL_ENABLE_DEBUG_INFO = NO;
				MTL_FAST_MATH = YES;
				SDKROOT = iphoneos;
				SWIFT_COMPILATION_MODE = wholemodule;
				SWIFT_OPTIMIZATION_LEVEL = "-O";
				VALIDATE_PRODUCT = YES;
			};
			name = Release;
		};
		BD5BAD4826B1A24D00CE3A92 /* Debug */ = {
			isa = XCBuildConfiguration;
			buildSettings = {
				ASSETCATALOG_COMPILER_APPICON_NAME = AppIcon;
				ASSETCATALOG_COMPILER_GLOBAL_ACCENT_COLOR_NAME = AccentColor;
				CODE_SIGN_STYLE = Manual;
				DEVELOPMENT_TEAM = "";
				INFOPLIST_FILE = StoryBoardIntro/Info.plist;
				LD_RUNPATH_SEARCH_PATHS = (
					"$(inherited)",
					"@executable_path/Frameworks",
				);
				PRODUCT_BUNDLE_IDENTIFIER = KWK.StoryBoardIntro;
				PRODUCT_NAME = "$(TARGET_NAME)";
				PROVISIONING_PROFILE_SPECIFIER = "";
				SWIFT_VERSION = 5.0;
				TARGETED_DEVICE_FAMILY = "1,2";
			};
			name = Debug;
		};
		BD5BAD4926B1A24D00CE3A92 /* Release */ = {
			isa = XCBuildConfiguration;
			buildSettings = {
				ASSETCATALOG_COMPILER_APPICON_NAME = AppIcon;
				ASSETCATALOG_COMPILER_GLOBAL_ACCENT_COLOR_NAME = AccentColor;
				CODE_SIGN_STYLE = Manual;
				DEVELOPMENT_TEAM = "";
				INFOPLIST_FILE = StoryBoardIntro/Info.plist;
				LD_RUNPATH_SEARCH_PATHS = (
					"$(inherited)",
					"@executable_path/Frameworks",
				);
				PRODUCT_BUNDLE_IDENTIFIER = KWK.StoryBoardIntro;
				PRODUCT_NAME = "$(TARGET_NAME)";
				PROVISIONING_PROFILE_SPECIFIER = "";
				SWIFT_VERSION = 5.0;
				TARGETED_DEVICE_FAMILY = "1,2";
			};
			name = Release;
		};
		BD5BAD4B26B1A24D00CE3A92 /* Debug */ = {
			isa = XCBuildConfiguration;
			buildSettings = {
				ALWAYS_EMBED_SWIFT_STANDARD_LIBRARIES = YES;
				BUNDLE_LOADER = "$(TEST_HOST)";
				CODE_SIGN_STYLE = Automatic;
				INFOPLIST_FILE = StoryBoardIntroTests/Info.plist;
				IPHONEOS_DEPLOYMENT_TARGET = 14.5;
				LD_RUNPATH_SEARCH_PATHS = (
					"$(inherited)",
					"@executable_path/Frameworks",
					"@loader_path/Frameworks",
				);
				PRODUCT_BUNDLE_IDENTIFIER = KWK.StoryBoardIntroTests;
				PRODUCT_NAME = "$(TARGET_NAME)";
				SWIFT_VERSION = 5.0;
				TARGETED_DEVICE_FAMILY = "1,2";
				TEST_HOST = "$(BUILT_PRODUCTS_DIR)/StoryBoardIntro.app/StoryBoardIntro";
			};
			name = Debug;
		};
		BD5BAD4C26B1A24D00CE3A92 /* Release */ = {
			isa = XCBuildConfiguration;
			buildSettings = {
				ALWAYS_EMBED_SWIFT_STANDARD_LIBRARIES = YES;
				BUNDLE_LOADER = "$(TEST_HOST)";
				CODE_SIGN_STYLE = Automatic;
				INFOPLIST_FILE = StoryBoardIntroTests/Info.plist;
				IPHONEOS_DEPLOYMENT_TARGET = 14.5;
				LD_RUNPATH_SEARCH_PATHS = (
					"$(inherited)",
					"@executable_path/Frameworks",
					"@loader_path/Frameworks",
				);
				PRODUCT_BUNDLE_IDENTIFIER = KWK.StoryBoardIntroTests;
				PRODUCT_NAME = "$(TARGET_NAME)";
				SWIFT_VERSION = 5.0;
				TARGETED_DEVICE_FAMILY = "1,2";
				TEST_HOST = "$(BUILT_PRODUCTS_DIR)/StoryBoardIntro.app/StoryBoardIntro";
			};
			name = Release;
		};
		BD5BAD4E26B1A24D00CE3A92 /* Debug */ = {
			isa = XCBuildConfiguration;
			buildSettings = {
				ALWAYS_EMBED_SWIFT_STANDARD_LIBRARIES = YES;
				CODE_SIGN_STYLE = Automatic;
				INFOPLIST_FILE = StoryBoardIntroUITests/Info.plist;
				LD_RUNPATH_SEARCH_PATHS = (
					"$(inherited)",
					"@executable_path/Frameworks",
					"@loader_path/Frameworks",
				);
				PRODUCT_BUNDLE_IDENTIFIER = KWK.StoryBoardIntroUITests;
				PRODUCT_NAME = "$(TARGET_NAME)";
				SWIFT_VERSION = 5.0;
				TARGETED_DEVICE_FAMILY = "1,2";
				TEST_TARGET_NAME = StoryBoardIntro;
			};
			name = Debug;
		};
		BD5BAD4F26B1A24D00CE3A92 /* Release */ = {
			isa = XCBuildConfiguration;
			buildSettings = {
				ALWAYS_EMBED_SWIFT_STANDARD_LIBRARIES = YES;
				CODE_SIGN_STYLE = Automatic;
				INFOPLIST_FILE = StoryBoardIntroUITests/Info.plist;
				LD_RUNPATH_SEARCH_PATHS = (
					"$(inherited)",
					"@executable_path/Frameworks",
					"@loader_path/Frameworks",
				);
				PRODUCT_BUNDLE_IDENTIFIER = KWK.StoryBoardIntroUITests;
				PRODUCT_NAME = "$(TARGET_NAME)";
				SWIFT_VERSION = 5.0;
				TARGETED_DEVICE_FAMILY = "1,2";
				TEST_TARGET_NAME = StoryBoardIntro;
			};
			name = Release;
		};
/* End XCBuildConfiguration section */

/* Begin XCConfigurationList section */
		BD5BAD1526B1A24C00CE3A92 /* Build configuration list for PBXProject "StoryBoardIntro" */ = {
			isa = XCConfigurationList;
			buildConfigurations = (
				BD5BAD4526B1A24D00CE3A92 /* Debug */,
				BD5BAD4626B1A24D00CE3A92 /* Release */,
			);
			defaultConfigurationIsVisible = 0;
			defaultConfigurationName = Release;
		};
		BD5BAD4726B1A24D00CE3A92 /* Build configuration list for PBXNativeTarget "StoryBoardIntro" */ = {
			isa = XCConfigurationList;
			buildConfigurations = (
				BD5BAD4826B1A24D00CE3A92 /* Debug */,
				BD5BAD4926B1A24D00CE3A92 /* Release */,
			);
			defaultConfigurationIsVisible = 0;
			defaultConfigurationName = Release;
		};
		BD5BAD4A26B1A24D00CE3A92 /* Build configuration list for PBXNativeTarget "StoryBoardIntroTests" */ = {
			isa = XCConfigurationList;
			buildConfigurations = (
				BD5BAD4B26B1A24D00CE3A92 /* Debug */,
				BD5BAD4C26B1A24D00CE3A92 /* Release */,
			);
			defaultConfigurationIsVisible = 0;
			defaultConfigurationName = Release;
		};
		BD5BAD4D26B1A24D00CE3A92 /* Build configuration list for PBXNativeTarget "StoryBoardIntroUITests" */ = {
			isa = XCConfigurationList;
			buildConfigurations = (
				BD5BAD4E26B1A24D00CE3A92 /* Debug */,
				BD5BAD4F26B1A24D00CE3A92 /* Release */,
			);
			defaultConfigurationIsVisible = 0;
			defaultConfigurationName = Release;
		};
/* End XCConfigurationList section */

/* Begin XCVersionGroup section */
		BD5BAD2626B1A24C00CE3A92 /* StoryBoardIntro.xcdatamodeld */ = {
			isa = XCVersionGroup;
			children = (
				BD5BAD2726B1A24C00CE3A92 /* StoryBoardIntro.xcdatamodel */,
			);
			currentVersion = BD5BAD2726B1A24C00CE3A92 /* StoryBoardIntro.xcdatamodel */;
			path = StoryBoardIntro.xcdatamodeld;
			sourceTree = "<group>";
			versionGroupType = wrapper.xcdatamodel;
		};
/* End XCVersionGroup section */
	};
	rootObject = BD5BAD1226B1A24C00CE3A92 /* Project object */;
}
